// !$*UTF8*$!
{
	archiveVersion = 1;
	classes = {
	};
	objectVersion = 48;
	objects = {

/* Begin PBXBuildFile section */
		4A29E1EE1FDBCE4800C373DC /* AppDelegate.swift in Sources */ = {isa = PBXBuildFile; fileRef = 4A29E1ED1FDBCE4800C373DC /* AppDelegate.swift */; };
		4A29E1F01FDBCE4800C373DC /* ViewController.swift in Sources */ = {isa = PBXBuildFile; fileRef = 4A29E1EF1FDBCE4800C373DC /* ViewController.swift */; };
		4A29E1F31FDBCE4800C373DC /* Main.storyboard in Resources */ = {isa = PBXBuildFile; fileRef = 4A29E1F11FDBCE4800C373DC /* Main.storyboard */; };
		4A29E1F51FDBCE4800C373DC /* Assets.xcassets in Resources */ = {isa = PBXBuildFile; fileRef = 4A29E1F41FDBCE4800C373DC /* Assets.xcassets */; };
		4A29E1F81FDBCE4800C373DC /* LaunchScreen.storyboard in Resources */ = {isa = PBXBuildFile; fileRef = 4A29E1F61FDBCE4800C373DC /* LaunchScreen.storyboard */; };
/* End PBXBuildFile section */

/* Begin PBXFileReference section */
		4A29E1EA1FDBCE4800C373DC /* Easy Authen.app */ = {isa = PBXFileReference; explicitFileType = wrapper.application; includeInIndex = 0; path = "Easy Authen.app"; sourceTree = BUILT_PRODUCTS_DIR; };
		4A29E1ED1FDBCE4800C373DC /* AppDelegate.swift */ = {isa = PBXFileReference; lastKnownFileType = sourcecode.swift; path = AppDelegate.swift; sourceTree = "<group>"; };
		4A29E1EF1FDBCE4800C373DC /* ViewController.swift */ = {isa = PBXFileReference; lastKnownFileType = sourcecode.swift; path = ViewController.swift; sourceTree = "<group>"; };
		4A29E1F21FDBCE4800C373DC /* Base */ = {isa = PBXFileReference; lastKnownFileType = file.storyboard; name = Base; path = Base.lproj/Main.storyboard; sourceTree = "<group>"; };
		4A29E1F41FDBCE4800C373DC /* Assets.xcassets */ = {isa = PBXFileReference; lastKnownFileType = folder.assetcatalog; path = Assets.xcassets; sourceTree = "<group>"; };
		4A29E1F71FDBCE4800C373DC /* Base */ = {isa = PBXFileReference; lastKnownFileType = file.storyboard; name = Base; path = Base.lproj/LaunchScreen.storyboard; sourceTree = "<group>"; };
		4A29E1F91FDBCE4800C373DC /* Info.plist */ = {isa = PBXFileReference; lastKnownFileType = text.plist.xml; path = Info.plist; sourceTree = "<group>"; };
/* End PBXFileReference section */

/* Begin PBXFrameworksBuildPhase section */
		4A29E1E71FDBCE4800C373DC /* Frameworks */ = {
			isa = PBXFrameworksBuildPhase;
			buildActionMask = 2147483647;
			files = (
			);
			runOnlyForDeploymentPostprocessing = 0;
		};
/* End PBXFrameworksBuildPhase section */

/* Begin PBXGroup section */
		4A29E1E11FDBCE4800C373DC = {
			isa = PBXGroup;
			children = (
				4A29E1EC1FDBCE4800C373DC /* Easy Authen */,
				4A29E1EB1FDBCE4800C373DC /* Products */,
			);
			sourceTree = "<group>";
		};
		4A29E1EB1FDBCE4800C373DC /* Products */ = {
			isa = PBXGroup;
			children = (
				4A29E1EA1FDBCE4800C373DC /* Easy Authen.app */,
			);
			name = Products;
			sourceTree = "<group>";
		};
		4A29E1EC1FDBCE4800C373DC /* Easy Authen */ = {
			isa = PBXGroup;
			children = (
				4A29E1ED1FDBCE4800C373DC /* AppDelegate.swift */,
				4A29E1EF1FDBCE4800C373DC /* ViewController.swift */,
				4A29E1F11FDBCE4800C373DC /* Main.storyboard */,
				4A29E1F41FDBCE4800C373DC /* Assets.xcassets */,
				4A29E1F61FDBCE4800C373DC /* LaunchScreen.storyboard */,
				4A29E1F91FDBCE4800C373DC /* Info.plist */,
			);
			path = "Easy Authen";
			sourceTree = "<group>";
		};
/* End PBXGroup section */

/* Begin PBXNativeTarget section */
		4A29E1E91FDBCE4800C373DC /* Easy Authen */ = {
			isa = PBXNativeTarget;
			buildConfigurationList = 4A29E1FC1FDBCE4800C373DC /* Build configuration list for PBXNativeTarget "Easy Authen" */;
			buildPhases = (
				4A29E1E61FDBCE4800C373DC /* Sources */,
				4A29E1E71FDBCE4800C373DC /* Frameworks */,
				4A29E1E81FDBCE4800C373DC /* Resources */,
			);
			buildRules = (
			);
			dependencies = (
			);
			name = "Easy Authen";
			productName = "Easy Authen";
			productReference = 4A29E1EA1FDBCE4800C373DC /* Easy Authen.app */;
			productType = "com.apple.product-type.application";
		};
/* End PBXNativeTarget section */

/* Begin PBXProject section */
		4A29E1E21FDBCE4800C373DC /* Project object */ = {
			isa = PBXProject;
			attributes = {
				LastSwiftUpdateCheck = 0910;
				LastUpgradeCheck = 0910;
				ORGANIZATIONNAME = Nutt;
				TargetAttributes = {
					4A29E1E91FDBCE4800C373DC = {
						CreatedOnToolsVersion = 9.1;
						ProvisioningStyle = Automatic;
					};
				};
			};
			buildConfigurationList = 4A29E1E51FDBCE4800C373DC /* Build configuration list for PBXProject "Easy Authen" */;
			compatibilityVersion = "Xcode 8.0";
			developmentRegion = en;
			hasScannedForEncodings = 0;
			knownRegions = (
				en,
				Base,
			);
			mainGroup = 4A29E1E11FDBCE4800C373DC;
			productRefGroup = 4A29E1EB1FDBCE4800C373DC /* Products */;
			projectDirPath = "";
			projectRoot = "";
			targets = (
				4A29E1E91FDBCE4800C373DC /* Easy Authen */,
			);
		};
/* End PBXProject section */

/* Begin PBXResourcesBuildPhase section */
		4A29E1E81FDBCE4800C373DC /* Resources */ = {
			isa = PBXResourcesBuildPhase;
			buildActionMask = 2147483647;
			files = (
				4A29E1F81FDBCE4800C373DC /* LaunchScreen.storyboard in Resources */,
				4A29E1F51FDBCE4800C373DC /* Assets.xcassets in Resources */,
				4A29E1F31FDBCE4800C373DC /* Main.storyboard in Resources */,
			);
			runOnlyForDeploymentPostprocessing = 0;
		};
/* End PBXResourcesBuildPhase section */

/* Begin PBXSourcesBuildPhase section */
		4A29E1E61FDBCE4800C373DC /* Sources */ = {
			isa = PBXSourcesBuildPhase;
			buildActionMask = 2147483647;
			files = (
				4A29E1F01FDBCE4800C373DC /* ViewController.swift in Sources */,
				4A29E1EE1FDBCE4800C373DC /* AppDelegate.swift in Sources */,
			);
			runOnlyForDeploymentPostprocessing = 0;
		};
/* End PBXSourcesBuildPhase section */

/* Begin PBXVariantGroup section */
		4A29E1F11FDBCE4800C373DC /* Main.storyboard */ = {
			isa = PBXVariantGroup;
			children = (
				4A29E1F21FDBCE4800C373DC /* Base */,
			);
			name = Main.storyboard;
			sourceTree = "<group>";
		};
		4A29E1F61FDBCE4800C373DC /* LaunchScreen.storyboard */ = {
			isa = PBXVariantGroup;
			children = (
				4A29E1F71FDBCE4800C373DC /* Base */,
			);
			name = LaunchScreen.storyboard;
			sourceTree = "<group>";
		};
/* End PBXVariantGroup section */

/* Begin XCBuildConfiguration section */
		4A29E1FA1FDBCE4800C373DC /* Debug */ = {
			isa = XCBuildConfiguration;
			buildSettings = {
				ALWAYS_SEARCH_USER_PATHS = NO;
				CLANG_ANALYZER_NONNULL = YES;
				CLANG_ANALYZER_NUMBER_OBJECT_CONVERSION = YES_AGGRESSIVE;
				CLANG_CXX_LANGUAGE_STANDARD = "gnu++14";
				CLANG_CXX_LIBRARY = "libc++";
				CLANG_ENABLE_MODULES = YES;
				CLANG_ENABLE_OBJC_ARC = YES;
				CLANG_WARN_BLOCK_CAPTURE_AUTORELEASING = YES;
				CLANG_WARN_BOOL_CONVERSION = YES;
				CLANG_WARN_COMMA = YES;
				CLANG_WARN_CONSTANT_CONVERSION = YES;
				CLANG_WARN_DIRECT_OBJC_ISA_USAGE = YES_ERROR;
				CLANG_WARN_DOCUMENTATION_COMMENTS = YES;
				CLANG_WARN_EMPTY_BODY = YES;
				CLANG_WARN_ENUM_CONVERSION = YES;
				CLANG_WARN_INFINITE_RECURSION = YES;
				CLANG_WARN_INT_CONVERSION = YES;
				CLANG_WARN_NON_LITERAL_NULL_CONVERSION = YES;
				CLANG_WARN_OBJC_LITERAL_CONVERSION = YES;
				CLANG_WARN_OBJC_ROOT_CLASS = YES_ERROR;
				CLANG_WARN_RANGE_LOOP_ANALYSIS = YES;
				CLANG_WARN_STRICT_PROTOTYPES = YES;
				CLANG_WARN_SUSPICIOUS_MOVE = YES;
				CLANG_WARN_UNGUARDED_AVAILABILITY = YES_AGGRESSIVE;
				CLANG_WARN_UNREACHABLE_CODE = YES;
				CLANG_WARN__DUPLICATE_METHOD_MATCH = YES;
				CODE_SIGN_IDENTITY = "iPhone Developer";
				COPY_PHASE_STRIP = NO;
				DEBUG_INFORMATION_FORMAT = dwarf;
				ENABLE_STRICT_OBJC_MSGSEND = YES;
				ENABLE_TESTABILITY = YES;
				GCC_C_LANGUAGE_STANDARD = gnu11;
				GCC_DYNAMIC_NO_PIC = NO;
				GCC_NO_COMMON_BLOCKS = YES;
				GCC_OPTIMIZATION_LEVEL = 0;
				GCC_PREPROCESSOR_DEFINITIONS = (
					"DEBUG=1",
					"$(inherited)",
				);
				GCC_WARN_64_TO_32_BIT_CONVERSION = YES;
				GCC_WARN_ABOUT_RETURN_TYPE = YES_ERROR;
				GCC_WARN_UNDECLARED_SELECTOR = YES;
				GCC_WARN_UNINITIALIZED_AUTOS = YES_AGGRESSIVE;
				GCC_WARN_UNUSED_FUNCTION = YES;
				GCC_WARN_UNUSED_VARIABLE = YES;
				IPHONEOS_DEPLOYMENT_TARGET = 11.1;
				MTL_ENABLE_DEBUG_INFO = YES;
				ONLY_ACTIVE_ARCH = YES;
				SDKROOT = iphoneos;
				SWIFT_ACTIVE_COMPILATION_CONDITIONS = DEBUG;
				SWIFT_OPTIMIZATION_LEVEL = "-Onone";
			};
			name = Debug;
		};
		4A29E1FB1FDBCE4800C373DC /* Release */ = {
			isa = XCBuildConfiguration;
			buildSettings = {
				ALWAYS_SEARCH_USER_PATHS = NO;
				CLANG_ANALYZER_NONNULL = YES;
				CLANG_ANALYZER_NUMBER_OBJECT_CONVERSION = YES_AGGRESSIVE;
				CLANG_CXX_LANGUAGE_STANDARD = "gnu++14";
				CLANG_CXX_LIBRARY = "libc++";
				CLANG_ENABLE_MODULES = YES;
				CLANG_ENABLE_OBJC_ARC = YES;
				CLANG_WARN_BLOCK_CAPTURE_AUTORELEASING = YES;
				CLANG_WARN_BOOL_CONVERSION = YES;
				CLANG_WARN_COMMA = YES;
				CLANG_WARN_CONSTANT_CONVERSION = YES;
				CLANG_WARN_DIRECT_OBJC_ISA_USAGE = YES_ERROR;
				CLANG_WARN_DOCUMENTATION_COMMENTS = YES;
				CLANG_WARN_EMPTY_BODY = YES;
				CLANG_WARN_ENUM_CONVERSION = YES;
				CLANG_WARN_INFINITE_RECURSION = YES;
				CLANG_WARN_INT_CONVERSION = YES;
				CLANG_WARN_NON_LITERAL_NULL_CONVERSION = YES;
				CLANG_WARN_OBJC_LITERAL_CONVERSION = YES;
				CLANG_WARN_OBJC_ROOT_CLASS = YES_ERROR;
				CLANG_WARN_RANGE_LOOP_ANALYSIS = YES;
				CLANG_WARN_STRICT_PROTOTYPES = YES;
				CLANG_WARN_SUSPICIOUS_MOVE = YES;
				CLANG_WARN_UNGUARDED_AVAILABILITY = YES_AGGRESSIVE;
				CLANG_WARN_UNREACHABLE_CODE = YES;
				CLANG_WARN__DUPLICATE_METHOD_MATCH = YES;
				CODE_SIGN_IDENTITY = "iPhone Developer";
				COPY_PHASE_STRIP = NO;
				DEBUG_INFORMATION_FORMAT = "dwarf-with-dsym";
				ENABLE_NS_ASSERTIONS = NO;
				ENABLE_STRICT_OBJC_MSGSEND = YES;
				GCC_C_LANGUAGE_STANDARD = gnu11;
				GCC_NO_COMMON_BLOCKS = YES;
				GCC_WARN_64_TO_32_BIT_CONVERSION = YES;
				GCC_WARN_ABOUT_RETURN_TYPE = YES_ERROR;
				GCC_WARN_UNDECLARED_SELECTOR = YES;
				GCC_WARN_UNINITIALIZED_AUTOS = YES_AGGRESSIVE;
				GCC_WARN_UNUSED_FUNCTION = YES;
				GCC_WARN_UNUSED_VARIABLE = YES;
				IPHONEOS_DEPLOYMENT_TARGET = 11.1;
				MTL_ENABLE_DEBUG_INFO = NO;
				SDKROOT = iphoneos;
				SWIFT_OPTIMIZATION_LEVEL = "-Owholemodule";
				VALIDATE_PRODUCT = YES;
			};
			name = Release;
		};
		4A29E1FD1FDBCE4800C373DC /* Debug */ = {
			isa = XCBuildConfiguration;
			buildSettings = {
				ASSETCATALOG_COMPILER_APPICON_NAME = AppIcon;
				CODE_SIGN_STYLE = Automatic;
				INFOPLIST_FILE = "Easy Authen/Info.plist";
				LD_RUNPATH_SEARCH_PATHS = "$(inherited) @executable_path/Frameworks";
				PRODUCT_BUNDLE_IDENTIFIER = "Natcharee-Panbangpra.Easy-Authen";
				PRODUCT_NAME = "$(TARGET_NAME)";
				SWIFT_VERSION = 4.0;
				TARGETED_DEVICE_FAMILY = "1,2";
			};
			name = Debug;
		};
		4A29E1FE1FDBCE4800C373DC /* Release */ = {
			isa = XCBuildConfiguration;
			buildSettings = {
				ASSETCATALOG_COMPILER_APPICON_NAME = AppIcon;
				CODE_SIGN_STYLE = Automatic;
				INFOPLIST_FILE = "Easy Authen/Info.plist";
				LD_RUNPATH_SEARCH_PATHS = "$(inherited) @executable_path/Frameworks";
				PRODUCT_BUNDLE_IDENTIFIER = "Natcharee-Panbangpra.Easy-Authen";
				PRODUCT_NAME = "$(TARGET_NAME)";
				SWIFT_VERSION = 4.0;
				TARGETED_DEVICE_FAMILY = "1,2";
			};
			name = Release;
		};
/* End XCBuildConfiguration section */

/* Begin XCConfigurationList section */
		4A29E1E51FDBCE4800C373DC /* Build configuration list for PBXProject "Easy Authen" */ = {
			isa = XCConfigurationList;
			buildConfigurations = (
				4A29E1FA1FDBCE4800C373DC /* Debug */,
				4A29E1FB1FDBCE4800C373DC /* Release */,
			);
			defaultConfigurationIsVisible = 0;
			defaultConfigurationName = Release;
		};
		4A29E1FC1FDBCE4800C373DC /* Build configuration list for PBXNativeTarget "Easy Authen" */ = {
			isa = XCConfigurationList;
			buildConfigurations = (
				4A29E1FD1FDBCE4800C373DC /* Debug */,
				4A29E1FE1FDBCE4800C373DC /* Release */,
			);
			defaultConfigurationIsVisible = 0;
			defaultConfigurationName = Release;
		};
/* End XCConfigurationList section */
	};
	rootObject = 4A29E1E21FDBCE4800C373DC /* Project object */;
}
